PODS:
  - Flutter (1.0.0)
  - flutter_config (0.0.1):
    - Flutter
  - flutter_naver_map (1.0.0):
    - Flutter
    - NMapsMap (= 3.16.2)
  - geolocator_apple (1.2.0):
    - Flutter
  - image_picker_ios (0.0.1):
    - Flutter
  - NMapsGeometry (1.0.1)
  - NMapsMap (3.16.2):
    - NMapsGeometry
  - path_provider_foundation (0.0.1):
    - Flutter
    - FlutterMacOS
  - permission_handler_apple (9.1.1):
    - Flutter

DEPENDENCIES:
  - Flutter (from `Flutter`)
  - flutter_config (from `.symlinks/plugins/flutter_config/ios`)
  - flutter_naver_map (from `.symlinks/plugins/flutter_naver_map/ios`)
  - geolocator_apple (from `.symlinks/plugins/geolocator_apple/ios`)
  - image_picker_ios (from `.symlinks/plugins/image_picker_ios/ios`)
  - path_provider_foundation (from `.symlinks/plugins/path_provider_foundation/darwin`)
  - permission_handler_apple (from `.symlinks/plugins/permission_handler_apple/ios`)

SPEC REPOS:
  trunk:
    - NMapsGeometry
    - NMapsMap

EXTERNAL SOURCES:
  Flutter:
    :path: Flutter
  flutter_config:
    :path: ".symlinks/plugins/flutter_config/ios"
  flutter_naver_map:
    :path: ".symlinks/plugins/flutter_naver_map/ios"
  geolocator_apple:
    :path: ".symlinks/plugins/geolocator_apple/ios"
  image_picker_ios:
    :path: ".symlinks/plugins/image_picker_ios/ios"
  path_provider_foundation:
    :path: ".symlinks/plugins/path_provider_foundation/darwin"
  permission_handler_apple:
    :path: ".symlinks/plugins/permission_handler_apple/ios"

SPEC CHECKSUMS:
  Flutter: f04841e97a9d0b0a8025694d0796dd46242b2854
  flutter_config: 2226c1df19c78fe34a05eb7f1363445f18e76fc1
  flutter_naver_map: d1ee15e7a2fe5360a19640648ceed5abf79d82aa
  geolocator_apple: cc556e6844d508c95df1e87e3ea6fa4e58c50401
  image_picker_ios: 4a8aadfbb6dc30ad5141a2ce3832af9214a705b5
  NMapsGeometry: 53c573ead66466681cf123f99f698dc8071a4b83
  NMapsMap: aaa64717249b06ae82c3a3addb3a01f0e33100ab
  path_provider_foundation: 29f094ae23ebbca9d3d0cec13889cd9060c0e943
  permission_handler_apple: e76247795d700c14ea09e3a2d8855d41ee80a2e6

PODFILE CHECKSUM: 453ba16cc9b91b500a78d222dca31e05fc52d75e

COCOAPODS: 1.12.1
